
Microsoft Visual Studio Solution File, Format Version 12.00
# Visual Studio 14
VisualStudioVersion = 14.0.25420.1
MinimumVisualStudioVersion = 10.0.40219.1
Project("{2150E333-8FDC-42A3-9474-1A3956D46DE8}") = "src", "src", "{E76ECD16-3834-4256-9853-27AA072A9185}"
EndProject
Project("{2150E333-8FDC-42A3-9474-1A3956D46DE8}") = "Solution Items", "Solution Items", "{2C7E2A5C-BC7D-44C1-A023-62EFEC937FB5}"
	ProjectSection(SolutionItems) = preProject
		global.json = global.json
	EndProjectSection
EndProject
Project("{8BB2217D-0F2D-49D1-97BC-3654ED321F3B}") = "Design Patterns", "src\Design Patterns\Design Patterns.xproj", "{D2E514D6-2DBD-49CA-9969-22EF98C1C97A}"
EndProject
Global
	GlobalSection(SolutionConfigurationPlatforms) = preSolution
		Debug|Any CPU = Debug|Any CPU
		Release|Any CPU = Release|Any CPU
	EndGlobalSection
	GlobalSection(ProjectConfigurationPlatforms) = postSolution
		{D2E514D6-2DBD-49CA-9969-22EF98C1C97A}.Debug|Any CPU.ActiveCfg = Debug|Any CPU
		{D2E514D6-2DBD-49CA-9969-22EF98C1C97A}.Debug|Any CPU.Build.0 = Debug|Any CPU
		{D2E514D6-2DBD-49CA-9969-22EF98C1C97A}.Release|Any CPU.ActiveCfg = Release|Any CPU
		{D2E514D6-2DBD-49CA-9969-22EF98C1C97A}.Release|Any CPU.Build.0 = Release|Any CPU
	EndGlobalSection
	GlobalSection(SolutionProperties) = preSolution
		HideSolutionNode = FALSE
	EndGlobalSection
	GlobalSection(NestedProjects) = preSolution
		{D2E514D6-2DBD-49CA-9969-22EF98C1C97A} = {E76ECD16-3834-4256-9853-27AA072A9185}
	EndGlobalSection
EndGlobal
